
Microsoft Visual Studio Solution File, Format Version 12.00
# Visual Studio 2013
VisualStudioVersion = 12.0.40629.0
MinimumVisualStudioVersion = 10.0.40219.1
Project("{FAE04EC0-301F-11D3-BF4B-00C04F79EFBC}") = "ADO_NETDemo", "ADO_NETDemo\ADO_NETDemo.csproj", "{82E88973-2C7C-433C-9A06-61E1A8BD9E1E}"
EndProject
Project("{FAE04EC0-301F-11D3-BF4B-00C04F79EFBC}") = "WFDemo", "WFDemo\WFDemo.csproj", "{235CB9E0-4994-476B-918E-444C27053D3D}"
EndProject
Project("{FAE04EC0-301F-11D3-BF4B-00C04F79EFBC}") = "WebDemo", "WebDemo\WebDemo.csproj", "{8BBF5831-1BA9-4B86-A6C7-0FB27D89782E}"
EndProject
Global
	GlobalSection(SolutionConfigurationPlatforms) = preSolution
		Debug|Any CPU = Debug|Any CPU
		Release|Any CPU = Release|Any CPU
	EndGlobalSection
	GlobalSection(ProjectConfigurationPlatforms) = postSolution
		{82E88973-2C7C-433C-9A06-61E1A8BD9E1E}.Debug|Any CPU.ActiveCfg = Debug|Any CPU
		{82E88973-2C7C-433C-9A06-61E1A8BD9E1E}.Debug|Any CPU.Build.0 = Debug|Any CPU
		{82E88973-2C7C-433C-9A06-61E1A8BD9E1E}.Release|Any CPU.ActiveCfg = Release|Any CPU
		{82E88973-2C7C-433C-9A06-61E1A8BD9E1E}.Release|Any CPU.Build.0 = Release|Any CPU
		{235CB9E0-4994-476B-918E-444C27053D3D}.Debug|Any CPU.ActiveCfg = Debug|Any CPU
		{235CB9E0-4994-476B-918E-444C27053D3D}.Debug|Any CPU.Build.0 = Debug|Any CPU
		{235CB9E0-4994-476B-918E-444C27053D3D}.Release|Any CPU.ActiveCfg = Release|Any CPU
		{235CB9E0-4994-476B-918E-444C27053D3D}.Release|Any CPU.Build.0 = Release|Any CPU
		{8BBF5831-1BA9-4B86-A6C7-0FB27D89782E}.Debug|Any CPU.ActiveCfg = Debug|Any CPU
		{8BBF5831-1BA9-4B86-A6C7-0FB27D89782E}.Debug|Any CPU.Build.0 = Debug|Any CPU
		{8BBF5831-1BA9-4B86-A6C7-0FB27D89782E}.Release|Any CPU.ActiveCfg = Release|Any CPU
		{8BBF5831-1BA9-4B86-A6C7-0FB27D89782E}.Release|Any CPU.Build.0 = Release|Any CPU
	EndGlobalSection
	GlobalSection(SolutionProperties) = preSolution
		HideSolutionNode = FALSE
	EndGlobalSection
EndGlobal
