
Microsoft Visual Studio Solution File, Format Version 12.00
# Visual Studio Version 17
VisualStudioVersion = 17.6.33723.286
MinimumVisualStudioVersion = 10.0.40219.1
Project("{FAE04EC0-301F-11D3-BF4B-00C04F79EFBC}") = "weituo", "委托事件\weituo.csproj", "{6DAFD365-64A6-4E56-9DAB-A66328DB0BA0}"
EndProject
Global
	GlobalSection(SolutionConfigurationPlatforms) = preSolution
		Debug|Any CPU = Debug|Any CPU
		Release|Any CPU = Release|Any CPU
	EndGlobalSection
	GlobalSection(ProjectConfigurationPlatforms) = postSolution
		{6DAFD365-64A6-4E56-9DAB-A66328DB0BA0}.Debug|Any CPU.ActiveCfg = Debug|Any CPU
		{6DAFD365-64A6-4E56-9DAB-A66328DB0BA0}.Debug|Any CPU.Build.0 = Debug|Any CPU
		{6DAFD365-64A6-4E56-9DAB-A66328DB0BA0}.Release|Any CPU.ActiveCfg = Release|Any CPU
		{6DAFD365-64A6-4E56-9DAB-A66328DB0BA0}.Release|Any CPU.Build.0 = Release|Any CPU
	EndGlobalSection
	GlobalSection(SolutionProperties) = preSolution
		HideSolutionNode = FALSE
	EndGlobalSection
	GlobalSection(ExtensibilityGlobals) = postSolution
		SolutionGuid = {AF3AA40B-8F5F-4717-93AA-F370DCA1E961}
	EndGlobalSection
EndGlobal
