
Microsoft Visual Studio Solution File, Format Version 12.00
# Visual Studio Version 17
VisualStudioVersion = 17.7.33808.371
MinimumVisualStudioVersion = 10.0.40219.1
Project("{9A19103F-16F7-4668-BE54-9A1E7A4F7556}") = "异步编程", "异步编程\异步编程.csproj", "{4404BF18-F8F8-468C-86E9-ACD8C3E5F4B8}"
EndProject
Project("{FAE04EC0-301F-11D3-BF4B-00C04F79EFBC}") = "取消CancelationToken1", "取消CancelationToken1\取消CancelationToken1.csproj", "{E9633D8F-4D22-43B2-B6A0-460124C41A25}"
EndProject
Project("{FAE04EC0-301F-11D3-BF4B-00C04F79EFBC}") = "WhenAll1", "WhenAll1\WhenAll1.csproj", "{598D5278-E459-4BFE-BB2B-0D845DF1C8A0}"
EndProject
Global
	GlobalSection(SolutionConfigurationPlatforms) = preSolution
		Debug|Any CPU = Debug|Any CPU
		Release|Any CPU = Release|Any CPU
	EndGlobalSection
	GlobalSection(ProjectConfigurationPlatforms) = postSolution
		{4404BF18-F8F8-468C-86E9-ACD8C3E5F4B8}.Debug|Any CPU.ActiveCfg = Debug|Any CPU
		{4404BF18-F8F8-468C-86E9-ACD8C3E5F4B8}.Debug|Any CPU.Build.0 = Debug|Any CPU
		{4404BF18-F8F8-468C-86E9-ACD8C3E5F4B8}.Release|Any CPU.ActiveCfg = Release|Any CPU
		{4404BF18-F8F8-468C-86E9-ACD8C3E5F4B8}.Release|Any CPU.Build.0 = Release|Any CPU
		{E9633D8F-4D22-43B2-B6A0-460124C41A25}.Debug|Any CPU.ActiveCfg = Debug|Any CPU
		{E9633D8F-4D22-43B2-B6A0-460124C41A25}.Debug|Any CPU.Build.0 = Debug|Any CPU
		{E9633D8F-4D22-43B2-B6A0-460124C41A25}.Release|Any CPU.ActiveCfg = Release|Any CPU
		{E9633D8F-4D22-43B2-B6A0-460124C41A25}.Release|Any CPU.Build.0 = Release|Any CPU
		{598D5278-E459-4BFE-BB2B-0D845DF1C8A0}.Debug|Any CPU.ActiveCfg = Debug|Any CPU
		{598D5278-E459-4BFE-BB2B-0D845DF1C8A0}.Debug|Any CPU.Build.0 = Debug|Any CPU
		{598D5278-E459-4BFE-BB2B-0D845DF1C8A0}.Release|Any CPU.ActiveCfg = Release|Any CPU
		{598D5278-E459-4BFE-BB2B-0D845DF1C8A0}.Release|Any CPU.Build.0 = Release|Any CPU
	EndGlobalSection
	GlobalSection(SolutionProperties) = preSolution
		HideSolutionNode = FALSE
	EndGlobalSection
	GlobalSection(ExtensibilityGlobals) = postSolution
		SolutionGuid = {2D855265-2B3D-4757-B684-77D9ED4ADB87}
	EndGlobalSection
EndGlobal
