
Microsoft Visual Studio Solution File, Format Version 12.00
# Visual Studio Version 17
VisualStudioVersion = 17.7.33808.371
MinimumVisualStudioVersion = 10.0.40219.1
Project("{FAE04EC0-301F-11D3-BF4B-00C04F79EFBC}") = "01AsyncDemo", "01AsyncDemo\01AsyncDemo.csproj", "{DA84DB9F-DFCE-4968-916A-0138724E360E}"
EndProject
Project("{FAE04EC0-301F-11D3-BF4B-00C04F79EFBC}") = "02_AsyncCallBackDemo", "02_AsyncCallBackDemo\02_AsyncCallBackDemo.csproj", "{D312D6C1-BA57-4829-9FDD-DF6D3C79C935}"
EndProject
Project("{FAE04EC0-301F-11D3-BF4B-00C04F79EFBC}") = "03_ThreadTest", "03_ThreadTest\03_ThreadTest.csproj", "{735DE96B-44F6-485D-B812-2FECCC8B327E}"
EndProject
Global
	GlobalSection(SolutionConfigurationPlatforms) = preSolution
		Debug|Any CPU = Debug|Any CPU
		Release|Any CPU = Release|Any CPU
	EndGlobalSection
	GlobalSection(ProjectConfigurationPlatforms) = postSolution
		{DA84DB9F-DFCE-4968-916A-0138724E360E}.Debug|Any CPU.ActiveCfg = Debug|Any CPU
		{DA84DB9F-DFCE-4968-916A-0138724E360E}.Debug|Any CPU.Build.0 = Debug|Any CPU
		{DA84DB9F-DFCE-4968-916A-0138724E360E}.Release|Any CPU.ActiveCfg = Release|Any CPU
		{DA84DB9F-DFCE-4968-916A-0138724E360E}.Release|Any CPU.Build.0 = Release|Any CPU
		{D312D6C1-BA57-4829-9FDD-DF6D3C79C935}.Debug|Any CPU.ActiveCfg = Debug|Any CPU
		{D312D6C1-BA57-4829-9FDD-DF6D3C79C935}.Debug|Any CPU.Build.0 = Debug|Any CPU
		{D312D6C1-BA57-4829-9FDD-DF6D3C79C935}.Release|Any CPU.ActiveCfg = Release|Any CPU
		{D312D6C1-BA57-4829-9FDD-DF6D3C79C935}.Release|Any CPU.Build.0 = Release|Any CPU
		{735DE96B-44F6-485D-B812-2FECCC8B327E}.Debug|Any CPU.ActiveCfg = Debug|Any CPU
		{735DE96B-44F6-485D-B812-2FECCC8B327E}.Debug|Any CPU.Build.0 = Debug|Any CPU
		{735DE96B-44F6-485D-B812-2FECCC8B327E}.Release|Any CPU.ActiveCfg = Release|Any CPU
		{735DE96B-44F6-485D-B812-2FECCC8B327E}.Release|Any CPU.Build.0 = Release|Any CPU
	EndGlobalSection
	GlobalSection(SolutionProperties) = preSolution
		HideSolutionNode = FALSE
	EndGlobalSection
	GlobalSection(ExtensibilityGlobals) = postSolution
		SolutionGuid = {4B8AD26A-D2EF-4A0D-A971-3060A9E42297}
	EndGlobalSection
EndGlobal
